// !$*UTF8*$!
{
	archiveVersion = 1;
	classes = {
	};
	objectVersion = 56;
	objects = {

/* Begin PBXBuildFile section */
		4A59A9582BD4DCE700FD8FCB /* main.swift in Sources */ = {isa = PBXBuildFile; fileRef = 4A59A9572BD4DCE700FD8FCB /* main.swift */; };
		4A59A9632BD4DDF400FD8FCB /* Invoice.swift in Sources */ = {isa = PBXBuildFile; fileRef = 4A59A9622BD4DDF400FD8FCB /* Invoice.swift */; };
		4A59A9652BD4DDFF00FD8FCB /* Performances.swift in Sources */ = {isa = PBXBuildFile; fileRef = 4A59A9642BD4DDFF00FD8FCB /* Performances.swift */; };
		4A59A9672BD4DE1400FD8FCB /* Play.swift in Sources */ = {isa = PBXBuildFile; fileRef = 4A59A9662BD4DE1400FD8FCB /* Play.swift */; };
		4AFDF7272BD5272700B9A399 /* invoices.json in CopyFiles */ = {isa = PBXBuildFile; fileRef = 4A59A95F2BD4DD8400FD8FCB /* invoices.json */; };
		4AFDF7282BD5272700B9A399 /* plays.json in CopyFiles */ = {isa = PBXBuildFile; fileRef = 4AFDF7122BD4E54600B9A399 /* plays.json */; };
/* End PBXBuildFile section */

/* Begin PBXCopyFilesBuildPhase section */
		4AFDF7242BD4ED7100B9A399 /* CopyFiles */ = {
			isa = PBXCopyFilesBuildPhase;
			buildActionMask = 12;
			dstPath = Mocks;
			dstSubfolderSpec = 1;
			files = (
				4AFDF7272BD5272700B9A399 /* invoices.json in CopyFiles */,
				4AFDF7282BD5272700B9A399 /* plays.json in CopyFiles */,
			);
			runOnlyForDeploymentPostprocessing = 0;
		};
/* End PBXCopyFilesBuildPhase section */

/* Begin PBXFileReference section */
		4A59A9542BD4DCE700FD8FCB /* swift-refactoring */ = {isa = PBXFileReference; explicitFileType = "compiled.mach-o.executable"; includeInIndex = 0; path = "swift-refactoring"; sourceTree = BUILT_PRODUCTS_DIR; };
		4A59A9572BD4DCE700FD8FCB /* main.swift */ = {isa = PBXFileReference; lastKnownFileType = sourcecode.swift; path = main.swift; sourceTree = "<group>"; };
		4A59A95F2BD4DD8400FD8FCB /* invoices.json */ = {isa = PBXFileReference; fileEncoding = 4; lastKnownFileType = text.json; path = invoices.json; sourceTree = "<group>"; };
		4A59A9622BD4DDF400FD8FCB /* Invoice.swift */ = {isa = PBXFileReference; lastKnownFileType = sourcecode.swift; path = Invoice.swift; sourceTree = "<group>"; };
		4A59A9642BD4DDFF00FD8FCB /* Performances.swift */ = {isa = PBXFileReference; lastKnownFileType = sourcecode.swift; path = Performances.swift; sourceTree = "<group>"; };
		4A59A9662BD4DE1400FD8FCB /* Play.swift */ = {isa = PBXFileReference; lastKnownFileType = sourcecode.swift; path = Play.swift; sourceTree = "<group>"; };
		4AFDF7122BD4E54600B9A399 /* plays.json */ = {isa = PBXFileReference; lastKnownFileType = text.json; path = plays.json; sourceTree = "<group>"; };
/* End PBXFileReference section */

/* Begin PBXFrameworksBuildPhase section */
		4A59A9512BD4DCE700FD8FCB /* Frameworks */ = {
			isa = PBXFrameworksBuildPhase;
			buildActionMask = 2147483647;
			files = (
			);
			runOnlyForDeploymentPostprocessing = 0;
		};
/* End PBXFrameworksBuildPhase section */

/* Begin PBXGroup section */
		4A59A94B2BD4DCE700FD8FCB = {
			isa = PBXGroup;
			children = (
				4A59A9562BD4DCE700FD8FCB /* swift-refactoring */,
				4A59A9552BD4DCE700FD8FCB /* Products */,
			);
			sourceTree = "<group>";
		};
		4A59A9552BD4DCE700FD8FCB /* Products */ = {
			isa = PBXGroup;
			children = (
				4A59A9542BD4DCE700FD8FCB /* swift-refactoring */,
			);
			name = Products;
			sourceTree = "<group>";
		};
		4A59A9562BD4DCE700FD8FCB /* swift-refactoring */ = {
			isa = PBXGroup;
			children = (
				4A59A9682BD4DF9D00FD8FCB /* Mocks */,
				4A59A9612BD4DDEB00FD8FCB /* Models */,
				4A59A9572BD4DCE700FD8FCB /* main.swift */,
			);
			path = "swift-refactoring";
			sourceTree = "<group>";
		};
		4A59A9612BD4DDEB00FD8FCB /* Models */ = {
			isa = PBXGroup;
			children = (
				4A59A9622BD4DDF400FD8FCB /* Invoice.swift */,
				4A59A9642BD4DDFF00FD8FCB /* Performances.swift */,
				4A59A9662BD4DE1400FD8FCB /* Play.swift */,
			);
			path = Models;
			sourceTree = "<group>";
		};
		4A59A9682BD4DF9D00FD8FCB /* Mocks */ = {
			isa = PBXGroup;
			children = (
				4A59A95F2BD4DD8400FD8FCB /* invoices.json */,
				4AFDF7122BD4E54600B9A399 /* plays.json */,
			);
			path = Mocks;
			sourceTree = "<group>";
		};
/* End PBXGroup section */

/* Begin PBXNativeTarget section */
		4A59A9532BD4DCE700FD8FCB /* swift-refactoring */ = {
			isa = PBXNativeTarget;
			buildConfigurationList = 4A59A95B2BD4DCE700FD8FCB /* Build configuration list for PBXNativeTarget "swift-refactoring" */;
			buildPhases = (
				4A59A9502BD4DCE700FD8FCB /* Sources */,
				4A59A9512BD4DCE700FD8FCB /* Frameworks */,
				4AFDF7242BD4ED7100B9A399 /* CopyFiles */,
			);
			buildRules = (
			);
			dependencies = (
			);
			name = "swift-refactoring";
			productName = "swift-refactoring";
			productReference = 4A59A9542BD4DCE700FD8FCB /* swift-refactoring */;
			productType = "com.apple.product-type.tool";
		};
/* End PBXNativeTarget section */

/* Begin PBXProject section */
		4A59A94C2BD4DCE700FD8FCB /* Project object */ = {
			isa = PBXProject;
			attributes = {
				BuildIndependentTargetsInParallel = 1;
				LastSwiftUpdateCheck = 1500;
				LastUpgradeCheck = 1500;
				TargetAttributes = {
					4A59A9532BD4DCE700FD8FCB = {
						CreatedOnToolsVersion = 15.0.1;
					};
				};
			};
			buildConfigurationList = 4A59A94F2BD4DCE700FD8FCB /* Build configuration list for PBXProject "swift-refactoring" */;
			compatibilityVersion = "Xcode 14.0";
			developmentRegion = en;
			hasScannedForEncodings = 0;
			knownRegions = (
				en,
				Base,
			);
			mainGroup = 4A59A94B2BD4DCE700FD8FCB;
			productRefGroup = 4A59A9552BD4DCE700FD8FCB /* Products */;
			projectDirPath = "";
			projectRoot = "";
			targets = (
				4A59A9532BD4DCE700FD8FCB /* swift-refactoring */,
			);
		};
/* End PBXProject section */

/* Begin PBXSourcesBuildPhase section */
		4A59A9502BD4DCE700FD8FCB /* Sources */ = {
			isa = PBXSourcesBuildPhase;
			buildActionMask = 2147483647;
			files = (
				4A59A9582BD4DCE700FD8FCB /* main.swift in Sources */,
				4A59A9632BD4DDF400FD8FCB /* Invoice.swift in Sources */,
				4A59A9652BD4DDFF00FD8FCB /* Performances.swift in Sources */,
				4A59A9672BD4DE1400FD8FCB /* Play.swift in Sources */,
			);
			runOnlyForDeploymentPostprocessing = 0;
		};
/* End PBXSourcesBuildPhase section */

/* Begin XCBuildConfiguration section */
		4A59A9592BD4DCE700FD8FCB /* Debug */ = {
			isa = XCBuildConfiguration;
			buildSettings = {
				ALWAYS_SEARCH_USER_PATHS = NO;
				ASSETCATALOG_COMPILER_GENERATE_SWIFT_ASSET_SYMBOL_EXTENSIONS = YES;
				CLANG_ANALYZER_NONNULL = YES;
				CLANG_ANALYZER_NUMBER_OBJECT_CONVERSION = YES_AGGRESSIVE;
				CLANG_CXX_LANGUAGE_STANDARD = "gnu++20";
				CLANG_ENABLE_MODULES = YES;
				CLANG_ENABLE_OBJC_ARC = YES;
				CLANG_ENABLE_OBJC_WEAK = YES;
				CLANG_WARN_BLOCK_CAPTURE_AUTORELEASING = YES;
				CLANG_WARN_BOOL_CONVERSION = YES;
				CLANG_WARN_COMMA = YES;
				CLANG_WARN_CONSTANT_CONVERSION = YES;
				CLANG_WARN_DEPRECATED_OBJC_IMPLEMENTATIONS = YES;
				CLANG_WARN_DIRECT_OBJC_ISA_USAGE = YES_ERROR;
				CLANG_WARN_DOCUMENTATION_COMMENTS = YES;
				CLANG_WARN_EMPTY_BODY = YES;
				CLANG_WARN_ENUM_CONVERSION = YES;
				CLANG_WARN_INFINITE_RECURSION = YES;
				CLANG_WARN_INT_CONVERSION = YES;
				CLANG_WARN_NON_LITERAL_NULL_CONVERSION = YES;
				CLANG_WARN_OBJC_IMPLICIT_RETAIN_SELF = YES;
				CLANG_WARN_OBJC_LITERAL_CONVERSION = YES;
				CLANG_WARN_OBJC_ROOT_CLASS = YES_ERROR;
				CLANG_WARN_QUOTED_INCLUDE_IN_FRAMEWORK_HEADER = YES;
				CLANG_WARN_RANGE_LOOP_ANALYSIS = YES;
				CLANG_WARN_STRICT_PROTOTYPES = YES;
				CLANG_WARN_SUSPICIOUS_MOVE = YES;
				CLANG_WARN_UNGUARDED_AVAILABILITY = YES_AGGRESSIVE;
				CLANG_WARN_UNREACHABLE_CODE = YES;
				CLANG_WARN__DUPLICATE_METHOD_MATCH = YES;
				COPY_PHASE_STRIP = NO;
				DEBUG_INFORMATION_FORMAT = dwarf;
				ENABLE_STRICT_OBJC_MSGSEND = YES;
				ENABLE_TESTABILITY = YES;
				ENABLE_USER_SCRIPT_SANDBOXING = YES;
				GCC_C_LANGUAGE_STANDARD = gnu17;
				GCC_DYNAMIC_NO_PIC = NO;
				GCC_NO_COMMON_BLOCKS = YES;
				GCC_OPTIMIZATION_LEVEL = 0;
				GCC_PREPROCESSOR_DEFINITIONS = (
					"DEBUG=1",
					"$(inherited)",
				);
				GCC_WARN_64_TO_32_BIT_CONVERSION = YES;
				GCC_WARN_ABOUT_RETURN_TYPE = YES_ERROR;
				GCC_WARN_UNDECLARED_SELECTOR = YES;
				GCC_WARN_UNINITIALIZED_AUTOS = YES_AGGRESSIVE;
				GCC_WARN_UNUSED_FUNCTION = YES;
				GCC_WARN_UNUSED_VARIABLE = YES;
				LOCALIZATION_PREFERS_STRING_CATALOGS = YES;
				MACOSX_DEPLOYMENT_TARGET = 14.0;
				MTL_ENABLE_DEBUG_INFO = INCLUDE_SOURCE;
				MTL_FAST_MATH = YES;
				ONLY_ACTIVE_ARCH = YES;
				SDKROOT = macosx;
				SWIFT_ACTIVE_COMPILATION_CONDITIONS = "DEBUG $(inherited)";
				SWIFT_OPTIMIZATION_LEVEL = "-Onone";
			};
			name = Debug;
		};
		4A59A95A2BD4DCE700FD8FCB /* Release */ = {
			isa = XCBuildConfiguration;
			buildSettings = {
				ALWAYS_SEARCH_USER_PATHS = NO;
				ASSETCATALOG_COMPILER_GENERATE_SWIFT_ASSET_SYMBOL_EXTENSIONS = YES;
				CLANG_ANALYZER_NONNULL = YES;
				CLANG_ANALYZER_NUMBER_OBJECT_CONVERSION = YES_AGGRESSIVE;
				CLANG_CXX_LANGUAGE_STANDARD = "gnu++20";
				CLANG_ENABLE_MODULES = YES;
				CLANG_ENABLE_OBJC_ARC = YES;
				CLANG_ENABLE_OBJC_WEAK = YES;
				CLANG_WARN_BLOCK_CAPTURE_AUTORELEASING = YES;
				CLANG_WARN_BOOL_CONVERSION = YES;
				CLANG_WARN_COMMA = YES;
				CLANG_WARN_CONSTANT_CONVERSION = YES;
				CLANG_WARN_DEPRECATED_OBJC_IMPLEMENTATIONS = YES;
				CLANG_WARN_DIRECT_OBJC_ISA_USAGE = YES_ERROR;
				CLANG_WARN_DOCUMENTATION_COMMENTS = YES;
				CLANG_WARN_EMPTY_BODY = YES;
				CLANG_WARN_ENUM_CONVERSION = YES;
				CLANG_WARN_INFINITE_RECURSION = YES;
				CLANG_WARN_INT_CONVERSION = YES;
				CLANG_WARN_NON_LITERAL_NULL_CONVERSION = YES;
				CLANG_WARN_OBJC_IMPLICIT_RETAIN_SELF = YES;
				CLANG_WARN_OBJC_LITERAL_CONVERSION = YES;
				CLANG_WARN_OBJC_ROOT_CLASS = YES_ERROR;
				CLANG_WARN_QUOTED_INCLUDE_IN_FRAMEWORK_HEADER = YES;
				CLANG_WARN_RANGE_LOOP_ANALYSIS = YES;
				CLANG_WARN_STRICT_PROTOTYPES = YES;
				CLANG_WARN_SUSPICIOUS_MOVE = YES;
				CLANG_WARN_UNGUARDED_AVAILABILITY = YES_AGGRESSIVE;
				CLANG_WARN_UNREACHABLE_CODE = YES;
				CLANG_WARN__DUPLICATE_METHOD_MATCH = YES;
				COPY_PHASE_STRIP = NO;
				DEBUG_INFORMATION_FORMAT = "dwarf-with-dsym";
				ENABLE_NS_ASSERTIONS = NO;
				ENABLE_STRICT_OBJC_MSGSEND = YES;
				ENABLE_USER_SCRIPT_SANDBOXING = YES;
				GCC_C_LANGUAGE_STANDARD = gnu17;
				GCC_NO_COMMON_BLOCKS = YES;
				GCC_WARN_64_TO_32_BIT_CONVERSION = YES;
				GCC_WARN_ABOUT_RETURN_TYPE = YES_ERROR;
				GCC_WARN_UNDECLARED_SELECTOR = YES;
				GCC_WARN_UNINITIALIZED_AUTOS = YES_AGGRESSIVE;
				GCC_WARN_UNUSED_FUNCTION = YES;
				GCC_WARN_UNUSED_VARIABLE = YES;
				LOCALIZATION_PREFERS_STRING_CATALOGS = YES;
				MACOSX_DEPLOYMENT_TARGET = 14.0;
				MTL_ENABLE_DEBUG_INFO = NO;
				MTL_FAST_MATH = YES;
				SDKROOT = macosx;
				SWIFT_COMPILATION_MODE = wholemodule;
			};
			name = Release;
		};
		4A59A95C2BD4DCE700FD8FCB /* Debug */ = {
			isa = XCBuildConfiguration;
			buildSettings = {
				CODE_SIGN_STYLE = Automatic;
				DEVELOPMENT_TEAM = 4CLMD5ZPC3;
				ENABLE_HARDENED_RUNTIME = YES;
				PRODUCT_NAME = "$(TARGET_NAME)";
				SWIFT_VERSION = 5.0;
			};
			name = Debug;
		};
		4A59A95D2BD4DCE700FD8FCB /* Release */ = {
			isa = XCBuildConfiguration;
			buildSettings = {
				CODE_SIGN_STYLE = Automatic;
				DEVELOPMENT_TEAM = 4CLMD5ZPC3;
				ENABLE_HARDENED_RUNTIME = YES;
				PRODUCT_NAME = "$(TARGET_NAME)";
				SWIFT_VERSION = 5.0;
			};
			name = Release;
		};
/* End XCBuildConfiguration section */

/* Begin XCConfigurationList section */
		4A59A94F2BD4DCE700FD8FCB /* Build configuration list for PBXProject "swift-refactoring" */ = {
			isa = XCConfigurationList;
			buildConfigurations = (
				4A59A9592BD4DCE700FD8FCB /* Debug */,
				4A59A95A2BD4DCE700FD8FCB /* Release */,
			);
			defaultConfigurationIsVisible = 0;
			defaultConfigurationName = Release;
		};
		4A59A95B2BD4DCE700FD8FCB /* Build configuration list for PBXNativeTarget "swift-refactoring" */ = {
			isa = XCConfigurationList;
			buildConfigurations = (
				4A59A95C2BD4DCE700FD8FCB /* Debug */,
				4A59A95D2BD4DCE700FD8FCB /* Release */,
			);
			defaultConfigurationIsVisible = 0;
			defaultConfigurationName = Release;
		};
/* End XCConfigurationList section */
	};
	rootObject = 4A59A94C2BD4DCE700FD8FCB /* Project object */;
}
